<?xml version="1.0" encoding="utf-8"?>
<Project ToolsVersion="4.0" xmlns="http://schemas.microsoft.com/developer/msbuild/2003">
  <ItemGroup>
    <Filter Include="Исходные файлы">
      <UniqueIdentifier>{4FC737F1-C7A5-4376-A066-2A32D752A2FF}</UniqueIdentifier>
      <Extensions>cpp;c;cc;cxx;c++;cppm;ixx;def;odl;idl;hpj;bat;asm;asmx</Extensions>
    </Filter>
    <Filter Include="Файлы заголовков">
      <UniqueIdentifier>{93995380-89BD-4b04-88EB-625FBE52EBFB}</UniqueIdentifier>
      <Extensions>h;hh;hpp;hxx;h++;hm;inl;inc;ipp;xsd</Extensions>
    </Filter>
    <Filter Include="Файлы ресурсов">
      <UniqueIdentifier>{67DA6AB6-F800-4c08-8B7A-83BB121AAD01}</UniqueIdentifier>
      <Extensions>rc;ico;cur;bmp;dlg;rc2;rct;bin;rgs;gif;jpg;jpeg;jpe;resx;tiff;tif;png;wav;mfcribbon-ms</Extensions>
    </Filter>
    <Filter Include="Point">
      <UniqueIdentifier>{ed67ac20-5423-4bc9-968a-763b69f11edb}</UniqueIdentifier>
    </Filter>
    <Filter Include="Map">
      <UniqueIdentifier>{51c97b5b-59e6-48e9-93af-b5800a5e9eef}</UniqueIdentifier>
    </Filter>
    <Filter Include="AStar">
      <UniqueIdentifier>{f4e5b805-298d-4617-bb5a-b7542b0da1dd}</UniqueIdentifier>
    </Filter>
  </ItemGroup>
  <ItemGroup>
    <ClInclude Include="PathFinder.h">
      <Filter>Файлы заголовков</Filter>
    </ClInclude>
    <ClInclude Include="pch.h">
      <Filter>Файлы заголовков</Filter>
    </ClInclude>
    <ClInclude Include="framework.h">
      <Filter>Файлы заголовков</Filter>
    </ClInclude>
    <ClInclude Include="Point\Point2.h">
      <Filter>Point</Filter>
    </ClInclude>
    <ClInclude Include="Point\Point3.h">
      <Filter>Point</Filter>
    </ClInclude>
    <ClInclude Include="Map\WeightMap2.h">
      <Filter>Map</Filter>
    </ClInclude>
    <ClInclude Include="Map\WeightMap3.h">
      <Filter>Map</Filter>
    </ClInclude>
    <ClInclude Include="AStar\AStar2.h">
      <Filter>AStar</Filter>
    </ClInclude>
    <ClInclude Include="AStar\AStar3.h">
      <Filter>AStar</Filter>
    </ClInclude>
    <ClInclude Include="Heuristics.h">
      <Filter>Файлы заголовков</Filter>
    </ClInclude>
  </ItemGroup>
  <ItemGroup>
    <ClCompile Include="PathFinder.cpp">
      <Filter>Исходные файлы</Filter>
    </ClCompile>
    <ClCompile Include="dllmain.cpp">
      <Filter>Исходные файлы</Filter>
    </ClCompile>
    <ClCompile Include="pch.cpp">
      <Filter>Исходные файлы</Filter>
    </ClCompile>
    <ClCompile Include="Point\Point2.cpp">
      <Filter>Point</Filter>
    </ClCompile>
    <ClCompile Include="Point\Point3.cpp">
      <Filter>Point</Filter>
    </ClCompile>
    <ClCompile Include="Map\WeightMap2.cpp">
      <Filter>Map</Filter>
    </ClCompile>
    <ClCompile Include="Map\WeightMap3.cpp">
      <Filter>Map</Filter>
    </ClCompile>
    <ClCompile Include="AStar\AStar2.cpp">
      <Filter>AStar</Filter>
    </ClCompile>
    <ClCompile Include="AStar\AStar3.cpp">
      <Filter>AStar</Filter>
    </ClCompile>
    <ClCompile Include="Heuristics.cpp">
      <Filter>Исходные файлы</Filter>
    </ClCompile>
  </ItemGroup>
</Project>